<Solution>
  <Project Path="AoCToolbox/AoCToolbox.csproj" />
  <Project Path="Day1/Day1.csproj" />
  <Project Path="Day2/Day2.csproj" />
  <Project Path="Day3/Day3.csproj" />
  <Project Path="Day4/Day4.csproj" Id="bd3d3a88-729e-4f4a-a9e4-5f4402f453b0" />
  <Project Path="Scratchpad/Scratchpad.csproj" />
</Solution>
