<Solution>
  <Project Path="AoCToolbox/AoCToolbox.csproj" />
  <Project Path="Day1/Day1.csproj" />
  <Project Path="Day10/Day10.csproj" Id="d019c546-4a12-466c-85ee-8499cc572644" />
  <Project Path="Day11/Day11.csproj" Id="8443ee9c-b585-448c-bd89-392cd6b6f11b" />
  <Project Path="Day12/Day12.csproj" Id="9c392f06-8092-4ef1-a031-332121bed4a6" />
  <Project Path="Day2/Day2.csproj" />
  <Project Path="Day3/Day3.csproj" />
  <Project Path="Day4/Day4.csproj" Id="bd3d3a88-729e-4f4a-a9e4-5f4402f453b0" />
  <Project Path="Day5/Day5.csproj" Id="29ee0cf0-8d52-42d4-a214-baeb854733c0" />
  <Project Path="Day6/Day6.csproj" Id="71eb3085-3c66-41dc-a16c-ebed4c32aa14" />
  <Project Path="Day7/Day7.csproj" Id="392ed91d-f598-4d4a-bd69-c6cbd7d8c67a" />
  <Project Path="Day8/Day8.csproj" Id="dabad1cd-64bc-4705-a509-0a2c0c5141ca" />
  <Project Path="Day9/Day9.csproj" Id="7b08b737-15f6-470a-b6b2-10e5b32b9aeb" />
  <Project Path="Scratchpad/Scratchpad.csproj" />
</Solution>
